// !$*UTF8*$!
{
	archiveVersion = 1;
	classes = {
	};
	objectVersion = 50;
	objects = {

/* Begin PBXBuildFile section */
		2E8972E00838198E5EFC92D3 /* Pods_scrumpoker.framework in Frameworks */ = {isa = PBXBuildFile; fileRef = D3B48230C14A77EE17AD31E0 /* Pods_scrumpoker.framework */; };
		73A43A47267FDF6200FEA3E3 /* AppDelegate.swift in Sources */ = {isa = PBXBuildFile; fileRef = 73A43A46267FDF6200FEA3E3 /* AppDelegate.swift */; };
		73A43A49267FDF6200FEA3E3 /* SceneDelegate.swift in Sources */ = {isa = PBXBuildFile; fileRef = 73A43A48267FDF6200FEA3E3 /* SceneDelegate.swift */; };
		73A43A50267FDF6300FEA3E3 /* Assets.xcassets in Resources */ = {isa = PBXBuildFile; fileRef = 73A43A4F267FDF6300FEA3E3 /* Assets.xcassets */; };
		73A43A53267FDF6300FEA3E3 /* LaunchScreen.storyboard in Resources */ = {isa = PBXBuildFile; fileRef = 73A43A51267FDF6300FEA3E3 /* LaunchScreen.storyboard */; };
		73A43A61267FE26D00FEA3E3 /* SprintsViewController.swift in Sources */ = {isa = PBXBuildFile; fileRef = 73A43A5F267FE26D00FEA3E3 /* SprintsViewController.swift */; };
		73A43A62267FE26D00FEA3E3 /* SprintsViewController.xib in Resources */ = {isa = PBXBuildFile; fileRef = 73A43A60267FE26D00FEA3E3 /* SprintsViewController.xib */; };
		73A43A64267FE39900FEA3E3 /* Sprint.swift in Sources */ = {isa = PBXBuildFile; fileRef = 73A43A63267FE39900FEA3E3 /* Sprint.swift */; };
/* End PBXBuildFile section */

/* Begin PBXFileReference section */
		24EAF88227343407A80B5B94 /* Pods-scrumpoker.debug.xcconfig */ = {isa = PBXFileReference; includeInIndex = 1; lastKnownFileType = text.xcconfig; name = "Pods-scrumpoker.debug.xcconfig"; path = "Target Support Files/Pods-scrumpoker/Pods-scrumpoker.debug.xcconfig"; sourceTree = "<group>"; };
		73A43A43267FDF6200FEA3E3 /* scrumpoker.app */ = {isa = PBXFileReference; explicitFileType = wrapper.application; includeInIndex = 0; path = scrumpoker.app; sourceTree = BUILT_PRODUCTS_DIR; };
		73A43A46267FDF6200FEA3E3 /* AppDelegate.swift */ = {isa = PBXFileReference; lastKnownFileType = sourcecode.swift; path = AppDelegate.swift; sourceTree = "<group>"; };
		73A43A48267FDF6200FEA3E3 /* SceneDelegate.swift */ = {isa = PBXFileReference; lastKnownFileType = sourcecode.swift; path = SceneDelegate.swift; sourceTree = "<group>"; };
		73A43A4F267FDF6300FEA3E3 /* Assets.xcassets */ = {isa = PBXFileReference; lastKnownFileType = folder.assetcatalog; path = Assets.xcassets; sourceTree = "<group>"; };
		73A43A52267FDF6300FEA3E3 /* Base */ = {isa = PBXFileReference; lastKnownFileType = file.storyboard; name = Base; path = Base.lproj/LaunchScreen.storyboard; sourceTree = "<group>"; };
		73A43A54267FDF6300FEA3E3 /* Info.plist */ = {isa = PBXFileReference; lastKnownFileType = text.plist.xml; path = Info.plist; sourceTree = "<group>"; };
		73A43A5F267FE26D00FEA3E3 /* SprintsViewController.swift */ = {isa = PBXFileReference; lastKnownFileType = sourcecode.swift; path = SprintsViewController.swift; sourceTree = "<group>"; };
		73A43A60267FE26D00FEA3E3 /* SprintsViewController.xib */ = {isa = PBXFileReference; lastKnownFileType = file.xib; path = SprintsViewController.xib; sourceTree = "<group>"; };
		73A43A63267FE39900FEA3E3 /* Sprint.swift */ = {isa = PBXFileReference; lastKnownFileType = sourcecode.swift; path = Sprint.swift; sourceTree = "<group>"; };
		B61C9DB925E7109FA277872D /* Pods-scrumpoker.release.xcconfig */ = {isa = PBXFileReference; includeInIndex = 1; lastKnownFileType = text.xcconfig; name = "Pods-scrumpoker.release.xcconfig"; path = "Target Support Files/Pods-scrumpoker/Pods-scrumpoker.release.xcconfig"; sourceTree = "<group>"; };
		D3B48230C14A77EE17AD31E0 /* Pods_scrumpoker.framework */ = {isa = PBXFileReference; explicitFileType = wrapper.framework; includeInIndex = 0; path = Pods_scrumpoker.framework; sourceTree = BUILT_PRODUCTS_DIR; };
/* End PBXFileReference section */

/* Begin PBXFrameworksBuildPhase section */
		73A43A40267FDF6200FEA3E3 /* Frameworks */ = {
			isa = PBXFrameworksBuildPhase;
			buildActionMask = 2147483647;
			files = (
				2E8972E00838198E5EFC92D3 /* Pods_scrumpoker.framework in Frameworks */,
			);
			runOnlyForDeploymentPostprocessing = 0;
		};
/* End PBXFrameworksBuildPhase section */

/* Begin PBXGroup section */
		73A43A3A267FDF6200FEA3E3 = {
			isa = PBXGroup;
			children = (
				73A43A45267FDF6200FEA3E3 /* scrumpoker */,
				73A43A44267FDF6200FEA3E3 /* Products */,
				E8E097D962050393271C7199 /* Pods */,
				B8D2E8D26B9BF67D26FB4A33 /* Frameworks */,
			);
			sourceTree = "<group>";
		};
		73A43A44267FDF6200FEA3E3 /* Products */ = {
			isa = PBXGroup;
			children = (
				73A43A43267FDF6200FEA3E3 /* scrumpoker.app */,
			);
			name = Products;
			sourceTree = "<group>";
		};
		73A43A45267FDF6200FEA3E3 /* scrumpoker */ = {
			isa = PBXGroup;
			children = (
				73A43A5E267FE0ED00FEA3E3 /* Router */,
				73A43A5D267FE0BE00FEA3E3 /* Presenter */,
				73A43A5C267FE0AD00FEA3E3 /* Interactor */,
				73A43A5B267FE0A900FEA3E3 /* View */,
				73A43A5A267FE0A000FEA3E3 /* Entity */,
				73A43A46267FDF6200FEA3E3 /* AppDelegate.swift */,
				73A43A48267FDF6200FEA3E3 /* SceneDelegate.swift */,
				73A43A4F267FDF6300FEA3E3 /* Assets.xcassets */,
				73A43A51267FDF6300FEA3E3 /* LaunchScreen.storyboard */,
				73A43A54267FDF6300FEA3E3 /* Info.plist */,
			);
			path = scrumpoker;
			sourceTree = "<group>";
		};
		73A43A5A267FE0A000FEA3E3 /* Entity */ = {
			isa = PBXGroup;
			children = (
				73A43A63267FE39900FEA3E3 /* Sprint.swift */,
			);
			path = Entity;
			sourceTree = "<group>";
		};
		73A43A5B267FE0A900FEA3E3 /* View */ = {
			isa = PBXGroup;
			children = (
				73A43A5F267FE26D00FEA3E3 /* SprintsViewController.swift */,
				73A43A60267FE26D00FEA3E3 /* SprintsViewController.xib */,
			);
			path = View;
			sourceTree = "<group>";
		};
		73A43A5C267FE0AD00FEA3E3 /* Interactor */ = {
			isa = PBXGroup;
			children = (
			);
			path = Interactor;
			sourceTree = "<group>";
		};
		73A43A5D267FE0BE00FEA3E3 /* Presenter */ = {
			isa = PBXGroup;
			children = (
			);
			path = Presenter;
			sourceTree = "<group>";
		};
		73A43A5E267FE0ED00FEA3E3 /* Router */ = {
			isa = PBXGroup;
			children = (
			);
			path = Router;
			sourceTree = "<group>";
		};
		B8D2E8D26B9BF67D26FB4A33 /* Frameworks */ = {
			isa = PBXGroup;
			children = (
				D3B48230C14A77EE17AD31E0 /* Pods_scrumpoker.framework */,
			);
			name = Frameworks;
			sourceTree = "<group>";
		};
		E8E097D962050393271C7199 /* Pods */ = {
			isa = PBXGroup;
			children = (
				24EAF88227343407A80B5B94 /* Pods-scrumpoker.debug.xcconfig */,
				B61C9DB925E7109FA277872D /* Pods-scrumpoker.release.xcconfig */,
			);
			path = Pods;
			sourceTree = "<group>";
		};
/* End PBXGroup section */

/* Begin PBXNativeTarget section */
		73A43A42267FDF6200FEA3E3 /* scrumpoker */ = {
			isa = PBXNativeTarget;
			buildConfigurationList = 73A43A57267FDF6300FEA3E3 /* Build configuration list for PBXNativeTarget "scrumpoker" */;
			buildPhases = (
				6C9BE4E4CA1C35C0E7FF1D95 /* [CP] Check Pods Manifest.lock */,
				73A43A3F267FDF6200FEA3E3 /* Sources */,
				73A43A40267FDF6200FEA3E3 /* Frameworks */,
				73A43A41267FDF6200FEA3E3 /* Resources */,
				7D5BE148A589DA2A2A099C7F /* [CP] Embed Pods Frameworks */,
			);
			buildRules = (
			);
			dependencies = (
			);
			name = scrumpoker;
			productName = scrumpoker;
			productReference = 73A43A43267FDF6200FEA3E3 /* scrumpoker.app */;
			productType = "com.apple.product-type.application";
		};
/* End PBXNativeTarget section */

/* Begin PBXProject section */
		73A43A3B267FDF6200FEA3E3 /* Project object */ = {
			isa = PBXProject;
			attributes = {
				LastSwiftUpdateCheck = 1250;
				LastUpgradeCheck = 1250;
				TargetAttributes = {
					73A43A42267FDF6200FEA3E3 = {
						CreatedOnToolsVersion = 12.5;
					};
				};
			};
			buildConfigurationList = 73A43A3E267FDF6200FEA3E3 /* Build configuration list for PBXProject "scrumpoker" */;
			compatibilityVersion = "Xcode 9.3";
			developmentRegion = en;
			hasScannedForEncodings = 0;
			knownRegions = (
				en,
				Base,
			);
			mainGroup = 73A43A3A267FDF6200FEA3E3;
			productRefGroup = 73A43A44267FDF6200FEA3E3 /* Products */;
			projectDirPath = "";
			projectRoot = "";
			targets = (
				73A43A42267FDF6200FEA3E3 /* scrumpoker */,
			);
		};
/* End PBXProject section */

/* Begin PBXResourcesBuildPhase section */
		73A43A41267FDF6200FEA3E3 /* Resources */ = {
			isa = PBXResourcesBuildPhase;
			buildActionMask = 2147483647;
			files = (
				73A43A53267FDF6300FEA3E3 /* LaunchScreen.storyboard in Resources */,
				73A43A62267FE26D00FEA3E3 /* SprintsViewController.xib in Resources */,
				73A43A50267FDF6300FEA3E3 /* Assets.xcassets in Resources */,
			);
			runOnlyForDeploymentPostprocessing = 0;
		};
/* End PBXResourcesBuildPhase section */

/* Begin PBXShellScriptBuildPhase section */
		6C9BE4E4CA1C35C0E7FF1D95 /* [CP] Check Pods Manifest.lock */ = {
			isa = PBXShellScriptBuildPhase;
			buildActionMask = 2147483647;
			files = (
			);
			inputFileListPaths = (
			);
			inputPaths = (
				"${PODS_PODFILE_DIR_PATH}/Podfile.lock",
				"${PODS_ROOT}/Manifest.lock",
			);
			name = "[CP] Check Pods Manifest.lock";
			outputFileListPaths = (
			);
			outputPaths = (
				"$(DERIVED_FILE_DIR)/Pods-scrumpoker-checkManifestLockResult.txt",
			);
			runOnlyForDeploymentPostprocessing = 0;
			shellPath = /bin/sh;
			shellScript = "diff \"${PODS_PODFILE_DIR_PATH}/Podfile.lock\" \"${PODS_ROOT}/Manifest.lock\" > /dev/null\nif [ $? != 0 ] ; then\n    # print error to STDERR\n    echo \"error: The sandbox is not in sync with the Podfile.lock. Run 'pod install' or update your CocoaPods installation.\" >&2\n    exit 1\nfi\n# This output is used by Xcode 'outputs' to avoid re-running this script phase.\necho \"SUCCESS\" > \"${SCRIPT_OUTPUT_FILE_0}\"\n";
			showEnvVarsInLog = 0;
		};
		7D5BE148A589DA2A2A099C7F /* [CP] Embed Pods Frameworks */ = {
			isa = PBXShellScriptBuildPhase;
			buildActionMask = 2147483647;
			files = (
			);
			inputFileListPaths = (
				"${PODS_ROOT}/Target Support Files/Pods-scrumpoker/Pods-scrumpoker-frameworks-${CONFIGURATION}-input-files.xcfilelist",
			);
			name = "[CP] Embed Pods Frameworks";
			outputFileListPaths = (
				"${PODS_ROOT}/Target Support Files/Pods-scrumpoker/Pods-scrumpoker-frameworks-${CONFIGURATION}-output-files.xcfilelist",
			);
			runOnlyForDeploymentPostprocessing = 0;
			shellPath = /bin/sh;
			shellScript = "\"${PODS_ROOT}/Target Support Files/Pods-scrumpoker/Pods-scrumpoker-frameworks.sh\"\n";
			showEnvVarsInLog = 0;
		};
/* End PBXShellScriptBuildPhase section */

/* Begin PBXSourcesBuildPhase section */
		73A43A3F267FDF6200FEA3E3 /* Sources */ = {
			isa = PBXSourcesBuildPhase;
			buildActionMask = 2147483647;
			files = (
				73A43A47267FDF6200FEA3E3 /* AppDelegate.swift in Sources */,
				73A43A49267FDF6200FEA3E3 /* SceneDelegate.swift in Sources */,
				73A43A61267FE26D00FEA3E3 /* SprintsViewController.swift in Sources */,
				73A43A64267FE39900FEA3E3 /* Sprint.swift in Sources */,
			);
			runOnlyForDeploymentPostprocessing = 0;
		};
/* End PBXSourcesBuildPhase section */

/* Begin PBXVariantGroup section */
		73A43A51267FDF6300FEA3E3 /* LaunchScreen.storyboard */ = {
			isa = PBXVariantGroup;
			children = (
				73A43A52267FDF6300FEA3E3 /* Base */,
			);
			name = LaunchScreen.storyboard;
			sourceTree = "<group>";
		};
/* End PBXVariantGroup section */

/* Begin XCBuildConfiguration section */
		73A43A55267FDF6300FEA3E3 /* Debug */ = {
			isa = XCBuildConfiguration;
			buildSettings = {
				ALWAYS_SEARCH_USER_PATHS = NO;
				CLANG_ANALYZER_NONNULL = YES;
				CLANG_ANALYZER_NUMBER_OBJECT_CONVERSION = YES_AGGRESSIVE;
				CLANG_CXX_LANGUAGE_STANDARD = "gnu++14";
				CLANG_CXX_LIBRARY = "libc++";
				CLANG_ENABLE_MODULES = YES;
				CLANG_ENABLE_OBJC_ARC = YES;
				CLANG_ENABLE_OBJC_WEAK = YES;
				CLANG_WARN_BLOCK_CAPTURE_AUTORELEASING = YES;
				CLANG_WARN_BOOL_CONVERSION = YES;
				CLANG_WARN_COMMA = YES;
				CLANG_WARN_CONSTANT_CONVERSION = YES;
				CLANG_WARN_DEPRECATED_OBJC_IMPLEMENTATIONS = YES;
				CLANG_WARN_DIRECT_OBJC_ISA_USAGE = YES_ERROR;
				CLANG_WARN_DOCUMENTATION_COMMENTS = YES;
				CLANG_WARN_EMPTY_BODY = YES;
				CLANG_WARN_ENUM_CONVERSION = YES;
				CLANG_WARN_INFINITE_RECURSION = YES;
				CLANG_WARN_INT_CONVERSION = YES;
				CLANG_WARN_NON_LITERAL_NULL_CONVERSION = YES;
				CLANG_WARN_OBJC_IMPLICIT_RETAIN_SELF = YES;
				CLANG_WARN_OBJC_LITERAL_CONVERSION = YES;
				CLANG_WARN_OBJC_ROOT_CLASS = YES_ERROR;
				CLANG_WARN_QUOTED_INCLUDE_IN_FRAMEWORK_HEADER = YES;
				CLANG_WARN_RANGE_LOOP_ANALYSIS = YES;
				CLANG_WARN_STRICT_PROTOTYPES = YES;
				CLANG_WARN_SUSPICIOUS_MOVE = YES;
				CLANG_WARN_UNGUARDED_AVAILABILITY = YES_AGGRESSIVE;
				CLANG_WARN_UNREACHABLE_CODE = YES;
				CLANG_WARN__DUPLICATE_METHOD_MATCH = YES;
				COPY_PHASE_STRIP = NO;
				DEBUG_INFORMATION_FORMAT = dwarf;
				ENABLE_STRICT_OBJC_MSGSEND = YES;
				ENABLE_TESTABILITY = YES;
				GCC_C_LANGUAGE_STANDARD = gnu11;
				GCC_DYNAMIC_NO_PIC = NO;
				GCC_NO_COMMON_BLOCKS = YES;
				GCC_OPTIMIZATION_LEVEL = 0;
				GCC_PREPROCESSOR_DEFINITIONS = (
					"DEBUG=1",
					"$(inherited)",
				);
				GCC_WARN_64_TO_32_BIT_CONVERSION = YES;
				GCC_WARN_ABOUT_RETURN_TYPE = YES_ERROR;
				GCC_WARN_UNDECLARED_SELECTOR = YES;
				GCC_WARN_UNINITIALIZED_AUTOS = YES_AGGRESSIVE;
				GCC_WARN_UNUSED_FUNCTION = YES;
				GCC_WARN_UNUSED_VARIABLE = YES;
				IPHONEOS_DEPLOYMENT_TARGET = 14.5;
				MTL_ENABLE_DEBUG_INFO = INCLUDE_SOURCE;
				MTL_FAST_MATH = YES;
				ONLY_ACTIVE_ARCH = YES;
				SDKROOT = iphoneos;
				SWIFT_ACTIVE_COMPILATION_CONDITIONS = DEBUG;
				SWIFT_OPTIMIZATION_LEVEL = "-Onone";
			};
			name = Debug;
		};
		73A43A56267FDF6300FEA3E3 /* Release */ = {
			isa = XCBuildConfiguration;
			buildSettings = {
				ALWAYS_SEARCH_USER_PATHS = NO;
				CLANG_ANALYZER_NONNULL = YES;
				CLANG_ANALYZER_NUMBER_OBJECT_CONVERSION = YES_AGGRESSIVE;
				CLANG_CXX_LANGUAGE_STANDARD = "gnu++14";
				CLANG_CXX_LIBRARY = "libc++";
				CLANG_ENABLE_MODULES = YES;
				CLANG_ENABLE_OBJC_ARC = YES;
				CLANG_ENABLE_OBJC_WEAK = YES;
				CLANG_WARN_BLOCK_CAPTURE_AUTORELEASING = YES;
				CLANG_WARN_BOOL_CONVERSION = YES;
				CLANG_WARN_COMMA = YES;
				CLANG_WARN_CONSTANT_CONVERSION = YES;
				CLANG_WARN_DEPRECATED_OBJC_IMPLEMENTATIONS = YES;
				CLANG_WARN_DIRECT_OBJC_ISA_USAGE = YES_ERROR;
				CLANG_WARN_DOCUMENTATION_COMMENTS = YES;
				CLANG_WARN_EMPTY_BODY = YES;
				CLANG_WARN_ENUM_CONVERSION = YES;
				CLANG_WARN_INFINITE_RECURSION = YES;
				CLANG_WARN_INT_CONVERSION = YES;
				CLANG_WARN_NON_LITERAL_NULL_CONVERSION = YES;
				CLANG_WARN_OBJC_IMPLICIT_RETAIN_SELF = YES;
				CLANG_WARN_OBJC_LITERAL_CONVERSION = YES;
				CLANG_WARN_OBJC_ROOT_CLASS = YES_ERROR;
				CLANG_WARN_QUOTED_INCLUDE_IN_FRAMEWORK_HEADER = YES;
				CLANG_WARN_RANGE_LOOP_ANALYSIS = YES;
				CLANG_WARN_STRICT_PROTOTYPES = YES;
				CLANG_WARN_SUSPICIOUS_MOVE = YES;
				CLANG_WARN_UNGUARDED_AVAILABILITY = YES_AGGRESSIVE;
				CLANG_WARN_UNREACHABLE_CODE = YES;
				CLANG_WARN__DUPLICATE_METHOD_MATCH = YES;
				COPY_PHASE_STRIP = NO;
				DEBUG_INFORMATION_FORMAT = "dwarf-with-dsym";
				ENABLE_NS_ASSERTIONS = NO;
				ENABLE_STRICT_OBJC_MSGSEND = YES;
				GCC_C_LANGUAGE_STANDARD = gnu11;
				GCC_NO_COMMON_BLOCKS = YES;
				GCC_WARN_64_TO_32_BIT_CONVERSION = YES;
				GCC_WARN_ABOUT_RETURN_TYPE = YES_ERROR;
				GCC_WARN_UNDECLARED_SELECTOR = YES;
				GCC_WARN_UNINITIALIZED_AUTOS = YES_AGGRESSIVE;
				GCC_WARN_UNUSED_FUNCTION = YES;
				GCC_WARN_UNUSED_VARIABLE = YES;
				IPHONEOS_DEPLOYMENT_TARGET = 14.5;
				MTL_ENABLE_DEBUG_INFO = NO;
				MTL_FAST_MATH = YES;
				SDKROOT = iphoneos;
				SWIFT_COMPILATION_MODE = wholemodule;
				SWIFT_OPTIMIZATION_LEVEL = "-O";
				VALIDATE_PRODUCT = YES;
			};
			name = Release;
		};
		73A43A58267FDF6300FEA3E3 /* Debug */ = {
			isa = XCBuildConfiguration;
			baseConfigurationReference = 24EAF88227343407A80B5B94 /* Pods-scrumpoker.debug.xcconfig */;
			buildSettings = {
				ASSETCATALOG_COMPILER_APPICON_NAME = AppIcon;
				ASSETCATALOG_COMPILER_GLOBAL_ACCENT_COLOR_NAME = AccentColor;
				CODE_SIGN_STYLE = Automatic;
				INFOPLIST_FILE = scrumpoker/Info.plist;
				LD_RUNPATH_SEARCH_PATHS = (
					"$(inherited)",
					"@executable_path/Frameworks",
				);
				PRODUCT_BUNDLE_IDENTIFIER = gabriel.pos.scrumpoker;
				PRODUCT_NAME = "$(TARGET_NAME)";
				SWIFT_VERSION = 5.0;
				TARGETED_DEVICE_FAMILY = "1,2";
			};
			name = Debug;
		};
		73A43A59267FDF6300FEA3E3 /* Release */ = {
			isa = XCBuildConfiguration;
			baseConfigurationReference = B61C9DB925E7109FA277872D /* Pods-scrumpoker.release.xcconfig */;
			buildSettings = {
				ASSETCATALOG_COMPILER_APPICON_NAME = AppIcon;
				ASSETCATALOG_COMPILER_GLOBAL_ACCENT_COLOR_NAME = AccentColor;
				CODE_SIGN_STYLE = Automatic;
				INFOPLIST_FILE = scrumpoker/Info.plist;
				LD_RUNPATH_SEARCH_PATHS = (
					"$(inherited)",
					"@executable_path/Frameworks",
				);
				PRODUCT_BUNDLE_IDENTIFIER = gabriel.pos.scrumpoker;
				PRODUCT_NAME = "$(TARGET_NAME)";
				SWIFT_VERSION = 5.0;
				TARGETED_DEVICE_FAMILY = "1,2";
			};
			name = Release;
		};
/* End XCBuildConfiguration section */

/* Begin XCConfigurationList section */
		73A43A3E267FDF6200FEA3E3 /* Build configuration list for PBXProject "scrumpoker" */ = {
			isa = XCConfigurationList;
			buildConfigurations = (
				73A43A55267FDF6300FEA3E3 /* Debug */,
				73A43A56267FDF6300FEA3E3 /* Release */,
			);
			defaultConfigurationIsVisible = 0;
			defaultConfigurationName = Release;
		};
		73A43A57267FDF6300FEA3E3 /* Build configuration list for PBXNativeTarget "scrumpoker" */ = {
			isa = XCConfigurationList;
			buildConfigurations = (
				73A43A58267FDF6300FEA3E3 /* Debug */,
				73A43A59267FDF6300FEA3E3 /* Release */,
			);
			defaultConfigurationIsVisible = 0;
			defaultConfigurationName = Release;
		};
/* End XCConfigurationList section */
	};
	rootObject = 73A43A3B267FDF6200FEA3E3 /* Project object */;
}
